
Microsoft Visual Studio Solution File, Format Version 12.00
# Visual Studio Version 17
VisualStudioVersion = 17.8.34525.116
MinimumVisualStudioVersion = 10.0.40219.1
Project("{FAE04EC0-301F-11D3-BF4B-00C04F79EFBC}") = "CoePulse.API", "CoePulse.API\CoePulse.API.csproj", "{DF95969E-2991-45FF-BE16-2EBE93DDD593}"
EndProject
Global
	GlobalSection(SolutionConfigurationPlatforms) = preSolution
		Debug|Any CPU = Debug|Any CPU
		Release|Any CPU = Release|Any CPU
	EndGlobalSection
	GlobalSection(ProjectConfigurationPlatforms) = postSolution
		{DF95969E-2991-45FF-BE16-2EBE93DDD593}.Debug|Any CPU.ActiveCfg = Debug|Any CPU
		{DF95969E-2991-45FF-BE16-2EBE93DDD593}.Debug|Any CPU.Build.0 = Debug|Any CPU
		{DF95969E-2991-45FF-BE16-2EBE93DDD593}.Release|Any CPU.ActiveCfg = Release|Any CPU
		{DF95969E-2991-45FF-BE16-2EBE93DDD593}.Release|Any CPU.Build.0 = Release|Any CPU
	EndGlobalSection
	GlobalSection(SolutionProperties) = preSolution
		HideSolutionNode = FALSE
	EndGlobalSection
	GlobalSection(ExtensibilityGlobals) = postSolution
		SolutionGuid = {022D737B-C72C-4B2E-89ED-240AAC4D9FCE}
	EndGlobalSection
EndGlobal
